
Microsoft Visual Studio Solution File, Format Version 12.00
# Visual Studio 14
VisualStudioVersion = 14.0.25123.0
MinimumVisualStudioVersion = 10.0.40219.1
Project("{FAE04EC0-301F-11D3-BF4B-00C04F79EFBC}") = "Lesson 001 - Hello World", "..\..\..\Lesson 001 - Hello World\Lesson 001 - Hello World.csproj", "{D0389159-7A21-479D-B5DE-F7E083469C56}"
EndProject
Project("{FAE04EC0-301F-11D3-BF4B-00C04F79EFBC}") = "Lesson 002 - data types", "..\..\..\Lesson 002 - data types\Lesson 002 - data types.csproj", "{AD3B8698-7A04-4DBD-AB7C-F21B081B5735}"
EndProject
Project("{FAE04EC0-301F-11D3-BF4B-00C04F79EFBC}") = "Lesson 003 - operators and precedence", "..\..\..\Lesson 003 - operators and precedence\Lesson 003 - operators and precedence.csproj", "{F01642C5-D67E-42BE-8AEF-9CE4748E445C}"
EndProject
Project("{FAE04EC0-301F-11D3-BF4B-00C04F79EFBC}") = "Lesson 004 - conditions", "..\..\..\Lesson 004 - conditions\Lesson 004 - conditions.csproj", "{E1DFDC54-F7C2-4F32-99D4-692BE2DD97FA}"
EndProject
Project("{FAE04EC0-301F-11D3-BF4B-00C04F79EFBC}") = "Lesson 005 - loops", "..\..\..\Lesson 005 - loops\Lesson 005 - loops.csproj", "{F3EA8C9F-AD41-40EC-BD8F-6E00AC6DA1B9}"
EndProject
Global
	GlobalSection(SolutionConfigurationPlatforms) = preSolution
		Debug|Any CPU = Debug|Any CPU
		Release|Any CPU = Release|Any CPU
	EndGlobalSection
	GlobalSection(ProjectConfigurationPlatforms) = postSolution
		{D0389159-7A21-479D-B5DE-F7E083469C56}.Debug|Any CPU.ActiveCfg = Debug|Any CPU
		{D0389159-7A21-479D-B5DE-F7E083469C56}.Debug|Any CPU.Build.0 = Debug|Any CPU
		{D0389159-7A21-479D-B5DE-F7E083469C56}.Release|Any CPU.ActiveCfg = Release|Any CPU
		{D0389159-7A21-479D-B5DE-F7E083469C56}.Release|Any CPU.Build.0 = Release|Any CPU
		{AD3B8698-7A04-4DBD-AB7C-F21B081B5735}.Debug|Any CPU.ActiveCfg = Debug|Any CPU
		{AD3B8698-7A04-4DBD-AB7C-F21B081B5735}.Debug|Any CPU.Build.0 = Debug|Any CPU
		{AD3B8698-7A04-4DBD-AB7C-F21B081B5735}.Release|Any CPU.ActiveCfg = Release|Any CPU
		{AD3B8698-7A04-4DBD-AB7C-F21B081B5735}.Release|Any CPU.Build.0 = Release|Any CPU
		{F01642C5-D67E-42BE-8AEF-9CE4748E445C}.Debug|Any CPU.ActiveCfg = Debug|Any CPU
		{F01642C5-D67E-42BE-8AEF-9CE4748E445C}.Debug|Any CPU.Build.0 = Debug|Any CPU
		{F01642C5-D67E-42BE-8AEF-9CE4748E445C}.Release|Any CPU.ActiveCfg = Release|Any CPU
		{F01642C5-D67E-42BE-8AEF-9CE4748E445C}.Release|Any CPU.Build.0 = Release|Any CPU
		{E1DFDC54-F7C2-4F32-99D4-692BE2DD97FA}.Debug|Any CPU.ActiveCfg = Debug|Any CPU
		{E1DFDC54-F7C2-4F32-99D4-692BE2DD97FA}.Debug|Any CPU.Build.0 = Debug|Any CPU
		{E1DFDC54-F7C2-4F32-99D4-692BE2DD97FA}.Release|Any CPU.ActiveCfg = Release|Any CPU
		{E1DFDC54-F7C2-4F32-99D4-692BE2DD97FA}.Release|Any CPU.Build.0 = Release|Any CPU
		{F3EA8C9F-AD41-40EC-BD8F-6E00AC6DA1B9}.Debug|Any CPU.ActiveCfg = Debug|Any CPU
		{F3EA8C9F-AD41-40EC-BD8F-6E00AC6DA1B9}.Debug|Any CPU.Build.0 = Debug|Any CPU
		{F3EA8C9F-AD41-40EC-BD8F-6E00AC6DA1B9}.Release|Any CPU.ActiveCfg = Release|Any CPU
		{F3EA8C9F-AD41-40EC-BD8F-6E00AC6DA1B9}.Release|Any CPU.Build.0 = Release|Any CPU
	EndGlobalSection
	GlobalSection(SolutionProperties) = preSolution
		HideSolutionNode = FALSE
	EndGlobalSection
EndGlobal
