
Microsoft Visual Studio Solution File, Format Version 12.00
# Visual Studio 14
VisualStudioVersion = 14.0.25123.0
MinimumVisualStudioVersion = 10.0.40219.1
Project("{FAE04EC0-301F-11D3-BF4B-00C04F79EFBC}") = "Lesson 001 - Hello World", "..\..\..\Lesson 001 - Hello World\Lesson 001 - Hello World.csproj", "{D0389159-7A21-479D-B5DE-F7E083469C56}"
EndProject
Project("{FAE04EC0-301F-11D3-BF4B-00C04F79EFBC}") = "Lesson 002 - data types", "..\..\..\Lesson 002 - data types\Lesson 002 - data types.csproj", "{AD3B8698-7A04-4DBD-AB7C-F21B081B5735}"
EndProject
Project("{FAE04EC0-301F-11D3-BF4B-00C04F79EFBC}") = "Lesson 003 - operators and precedence", "..\..\..\Lesson 003 - operators and precedence\Lesson 003 - operators and precedence.csproj", "{F01642C5-D67E-42BE-8AEF-9CE4748E445C}"
EndProject
Project("{FAE04EC0-301F-11D3-BF4B-00C04F79EFBC}") = "Lesson 004 - conditions", "..\..\..\Lesson 004 - conditions\Lesson 004 - conditions.csproj", "{E1DFDC54-F7C2-4F32-99D4-692BE2DD97FA}"
EndProject
Project("{FAE04EC0-301F-11D3-BF4B-00C04F79EFBC}") = "Lesson 005 - loops", "..\..\..\Lesson 005 - loops\Lesson 005 - loops.csproj", "{F3EA8C9F-AD41-40EC-BD8F-6E00AC6DA1B9}"
EndProject
Project("{FAE04EC0-301F-11D3-BF4B-00C04F79EFBC}") = "Lesson 006 - value types and reference types", "..\..\..\Lesson 006 - value types and reference types\Lesson 006 - value types and reference types.csproj", "{0788EEEE-98A1-4A9C-9EDF-8E5366E02716}"
EndProject
Project("{FAE04EC0-301F-11D3-BF4B-00C04F79EFBC}") = "Lesson 007 - function main", "..\..\..\Lesson 007 - function main\Lesson 007 - function main.csproj", "{92E67217-BC19-45A1-8266-15B2FB108889}"
EndProject
Project("{FAE04EC0-301F-11D3-BF4B-00C04F79EFBC}") = "Lesson 008 - classes", "..\..\..\Lesson 008 - classes\Lesson 008 - classes.csproj", "{C07AD356-3F6D-442B-A18A-BCACAFF5AD44}"
EndProject
Project("{FAE04EC0-301F-11D3-BF4B-00C04F79EFBC}") = "Lesson 009 - construction and destruction", "..\..\..\Lesson 009 - construction and destruction\Lesson 009 - construction and destruction.csproj", "{D79245E6-6B7F-4D6F-B05F-9A457F7418A7}"
EndProject
Project("{FAE04EC0-301F-11D3-BF4B-00C04F79EFBC}") = "Lesson 010 - static classes", "..\..\..\Lesson 010 - static classes\Lesson 010 - static classes.csproj", "{DF55A61F-9ED6-441B-9F71-911A924566FB}"
EndProject
Global
	GlobalSection(SolutionConfigurationPlatforms) = preSolution
		Debug|Any CPU = Debug|Any CPU
		Release|Any CPU = Release|Any CPU
	EndGlobalSection
	GlobalSection(ProjectConfigurationPlatforms) = postSolution
		{D0389159-7A21-479D-B5DE-F7E083469C56}.Debug|Any CPU.ActiveCfg = Debug|Any CPU
		{D0389159-7A21-479D-B5DE-F7E083469C56}.Debug|Any CPU.Build.0 = Debug|Any CPU
		{D0389159-7A21-479D-B5DE-F7E083469C56}.Release|Any CPU.ActiveCfg = Release|Any CPU
		{D0389159-7A21-479D-B5DE-F7E083469C56}.Release|Any CPU.Build.0 = Release|Any CPU
		{AD3B8698-7A04-4DBD-AB7C-F21B081B5735}.Debug|Any CPU.ActiveCfg = Debug|Any CPU
		{AD3B8698-7A04-4DBD-AB7C-F21B081B5735}.Debug|Any CPU.Build.0 = Debug|Any CPU
		{AD3B8698-7A04-4DBD-AB7C-F21B081B5735}.Release|Any CPU.ActiveCfg = Release|Any CPU
		{AD3B8698-7A04-4DBD-AB7C-F21B081B5735}.Release|Any CPU.Build.0 = Release|Any CPU
		{F01642C5-D67E-42BE-8AEF-9CE4748E445C}.Debug|Any CPU.ActiveCfg = Debug|Any CPU
		{F01642C5-D67E-42BE-8AEF-9CE4748E445C}.Debug|Any CPU.Build.0 = Debug|Any CPU
		{F01642C5-D67E-42BE-8AEF-9CE4748E445C}.Release|Any CPU.ActiveCfg = Release|Any CPU
		{F01642C5-D67E-42BE-8AEF-9CE4748E445C}.Release|Any CPU.Build.0 = Release|Any CPU
		{E1DFDC54-F7C2-4F32-99D4-692BE2DD97FA}.Debug|Any CPU.ActiveCfg = Debug|Any CPU
		{E1DFDC54-F7C2-4F32-99D4-692BE2DD97FA}.Debug|Any CPU.Build.0 = Debug|Any CPU
		{E1DFDC54-F7C2-4F32-99D4-692BE2DD97FA}.Release|Any CPU.ActiveCfg = Release|Any CPU
		{E1DFDC54-F7C2-4F32-99D4-692BE2DD97FA}.Release|Any CPU.Build.0 = Release|Any CPU
		{F3EA8C9F-AD41-40EC-BD8F-6E00AC6DA1B9}.Debug|Any CPU.ActiveCfg = Debug|Any CPU
		{F3EA8C9F-AD41-40EC-BD8F-6E00AC6DA1B9}.Debug|Any CPU.Build.0 = Debug|Any CPU
		{F3EA8C9F-AD41-40EC-BD8F-6E00AC6DA1B9}.Release|Any CPU.ActiveCfg = Release|Any CPU
		{F3EA8C9F-AD41-40EC-BD8F-6E00AC6DA1B9}.Release|Any CPU.Build.0 = Release|Any CPU
		{0788EEEE-98A1-4A9C-9EDF-8E5366E02716}.Debug|Any CPU.ActiveCfg = Debug|Any CPU
		{0788EEEE-98A1-4A9C-9EDF-8E5366E02716}.Debug|Any CPU.Build.0 = Debug|Any CPU
		{0788EEEE-98A1-4A9C-9EDF-8E5366E02716}.Release|Any CPU.ActiveCfg = Release|Any CPU
		{0788EEEE-98A1-4A9C-9EDF-8E5366E02716}.Release|Any CPU.Build.0 = Release|Any CPU
		{92E67217-BC19-45A1-8266-15B2FB108889}.Debug|Any CPU.ActiveCfg = Debug|Any CPU
		{92E67217-BC19-45A1-8266-15B2FB108889}.Debug|Any CPU.Build.0 = Debug|Any CPU
		{92E67217-BC19-45A1-8266-15B2FB108889}.Release|Any CPU.ActiveCfg = Release|Any CPU
		{92E67217-BC19-45A1-8266-15B2FB108889}.Release|Any CPU.Build.0 = Release|Any CPU
		{C07AD356-3F6D-442B-A18A-BCACAFF5AD44}.Debug|Any CPU.ActiveCfg = Debug|Any CPU
		{C07AD356-3F6D-442B-A18A-BCACAFF5AD44}.Debug|Any CPU.Build.0 = Debug|Any CPU
		{C07AD356-3F6D-442B-A18A-BCACAFF5AD44}.Release|Any CPU.ActiveCfg = Release|Any CPU
		{C07AD356-3F6D-442B-A18A-BCACAFF5AD44}.Release|Any CPU.Build.0 = Release|Any CPU
		{D79245E6-6B7F-4D6F-B05F-9A457F7418A7}.Debug|Any CPU.ActiveCfg = Debug|Any CPU
		{D79245E6-6B7F-4D6F-B05F-9A457F7418A7}.Debug|Any CPU.Build.0 = Debug|Any CPU
		{D79245E6-6B7F-4D6F-B05F-9A457F7418A7}.Release|Any CPU.ActiveCfg = Release|Any CPU
		{D79245E6-6B7F-4D6F-B05F-9A457F7418A7}.Release|Any CPU.Build.0 = Release|Any CPU
		{DF55A61F-9ED6-441B-9F71-911A924566FB}.Debug|Any CPU.ActiveCfg = Debug|Any CPU
		{DF55A61F-9ED6-441B-9F71-911A924566FB}.Debug|Any CPU.Build.0 = Debug|Any CPU
		{DF55A61F-9ED6-441B-9F71-911A924566FB}.Release|Any CPU.ActiveCfg = Release|Any CPU
		{DF55A61F-9ED6-441B-9F71-911A924566FB}.Release|Any CPU.Build.0 = Release|Any CPU
	EndGlobalSection
	GlobalSection(SolutionProperties) = preSolution
		HideSolutionNode = FALSE
	EndGlobalSection
EndGlobal
